
Microsoft Visual Studio Solution File, Format Version 12.00
# Visual Studio Version 17
VisualStudioVersion = 17.5.33424.131
MinimumVisualStudioVersion = 10.0.40219.1
Project("{FAE04EC0-301F-11D3-BF4B-00C04F79EFBC}") = "StepMotor_DelosReyes", "StepMotor_DelosReyes.csproj", "{4F2E88B5-D036-4DD1-B241-E61AF2819430}"
EndProject
Global
	GlobalSection(SolutionConfigurationPlatforms) = preSolution
		Debug|Any CPU = Debug|Any CPU
		Release|Any CPU = Release|Any CPU
	EndGlobalSection
	GlobalSection(ProjectConfigurationPlatforms) = postSolution
		{4F2E88B5-D036-4DD1-B241-E61AF2819430}.Debug|Any CPU.ActiveCfg = Debug|Any CPU
		{4F2E88B5-D036-4DD1-B241-E61AF2819430}.Debug|Any CPU.Build.0 = Debug|Any CPU
		{4F2E88B5-D036-4DD1-B241-E61AF2819430}.Release|Any CPU.ActiveCfg = Release|Any CPU
		{4F2E88B5-D036-4DD1-B241-E61AF2819430}.Release|Any CPU.Build.0 = Release|Any CPU
	EndGlobalSection
	GlobalSection(SolutionProperties) = preSolution
		HideSolutionNode = FALSE
	EndGlobalSection
	GlobalSection(ExtensibilityGlobals) = postSolution
		SolutionGuid = {0A91BA4D-769B-41F5-AD4F-6E74CA5BFB94}
	EndGlobalSection
EndGlobal
